// !$*UTF8*$!
{
	archiveVersion = 1;
	classes = {
	};
	objectVersion = 56;
	objects = {

/* Begin PBXBuildFile section */
		5E2EA1AF29571BC2006469C6 /* co_driverTests.swift in Sources */ = {isa = PBXBuildFile; fileRef = 5E2EA1AE29571BC2006469C6 /* co_driverTests.swift */; };
		5E2EA1B629573291006469C6 /* MapViewState.swift in Sources */ = {isa = PBXBuildFile; fileRef = 5E2EA1B529573291006469C6 /* MapViewState.swift */; };
		5E62C8E829560BDD009F2477 /* LocationSearchActivationView.swift in Sources */ = {isa = PBXBuildFile; fileRef = 5E62C8E729560BDD009F2477 /* LocationSearchActivationView.swift */; };
		5E62C8EA29560EA5009F2477 /* MapViewActionButton.swift in Sources */ = {isa = PBXBuildFile; fileRef = 5E62C8E929560EA5009F2477 /* MapViewActionButton.swift */; };
		5E62C8EC29560FF8009F2477 /* LocationSearchView.swift in Sources */ = {isa = PBXBuildFile; fileRef = 5E62C8EB29560FF8009F2477 /* LocationSearchView.swift */; };
		5E62C8EE295614E4009F2477 /* LocationSearchResultCell.swift in Sources */ = {isa = PBXBuildFile; fileRef = 5E62C8ED295614E4009F2477 /* LocationSearchResultCell.swift */; };
		5E62C8F029561B6F009F2477 /* LocationSearchViewModel.swift in Sources */ = {isa = PBXBuildFile; fileRef = 5E62C8EF29561B6F009F2477 /* LocationSearchViewModel.swift */; };
		5E6ECFEA2954A11A00ACC0CD /* HomeView.swift in Sources */ = {isa = PBXBuildFile; fileRef = 5E6ECFE92954A11A00ACC0CD /* HomeView.swift */; };
		5E6ECFEC2954A16400ACC0CD /* CoDriverMapViewRepresantable.swift in Sources */ = {isa = PBXBuildFile; fileRef = 5E6ECFEB2954A16400ACC0CD /* CoDriverMapViewRepresantable.swift */; };
		5E6ECFEE2954A57300ACC0CD /* LocationMenager.swift in Sources */ = {isa = PBXBuildFile; fileRef = 5E6ECFED2954A57300ACC0CD /* LocationMenager.swift */; };
		5ED4E7D2295257BF00A78CA7 /* co_driverApp.swift in Sources */ = {isa = PBXBuildFile; fileRef = 5ED4E7D1295257BF00A78CA7 /* co_driverApp.swift */; };
		5ED4E7D6295257C000A78CA7 /* Assets.xcassets in Resources */ = {isa = PBXBuildFile; fileRef = 5ED4E7D5295257C000A78CA7 /* Assets.xcassets */; };
		5ED4E7D9295257C000A78CA7 /* Preview Assets.xcassets in Resources */ = {isa = PBXBuildFile; fileRef = 5ED4E7D8295257C000A78CA7 /* Preview Assets.xcassets */; };
/* End PBXBuildFile section */

/* Begin PBXContainerItemProxy section */
		5E2EA1B029571BC2006469C6 /* PBXContainerItemProxy */ = {
			isa = PBXContainerItemProxy;
			containerPortal = 5ED4E7C6295257BF00A78CA7 /* Project object */;
			proxyType = 1;
			remoteGlobalIDString = 5ED4E7CD295257BF00A78CA7;
			remoteInfo = "co-driver";
		};
/* End PBXContainerItemProxy section */

/* Begin PBXFileReference section */
		5E2EA1AC29571BC2006469C6 /* co-driverTests.xctest */ = {isa = PBXFileReference; explicitFileType = wrapper.cfbundle; includeInIndex = 0; path = "co-driverTests.xctest"; sourceTree = BUILT_PRODUCTS_DIR; };
		5E2EA1AE29571BC2006469C6 /* co_driverTests.swift */ = {isa = PBXFileReference; lastKnownFileType = sourcecode.swift; path = co_driverTests.swift; sourceTree = "<group>"; };
		5E2EA1B529573291006469C6 /* MapViewState.swift */ = {isa = PBXFileReference; lastKnownFileType = sourcecode.swift; path = MapViewState.swift; sourceTree = "<group>"; };
		5E62C8E729560BDD009F2477 /* LocationSearchActivationView.swift */ = {isa = PBXFileReference; lastKnownFileType = sourcecode.swift; path = LocationSearchActivationView.swift; sourceTree = "<group>"; };
		5E62C8E929560EA5009F2477 /* MapViewActionButton.swift */ = {isa = PBXFileReference; lastKnownFileType = sourcecode.swift; path = MapViewActionButton.swift; sourceTree = "<group>"; };
		5E62C8EB29560FF8009F2477 /* LocationSearchView.swift */ = {isa = PBXFileReference; lastKnownFileType = sourcecode.swift; path = LocationSearchView.swift; sourceTree = "<group>"; };
		5E62C8ED295614E4009F2477 /* LocationSearchResultCell.swift */ = {isa = PBXFileReference; lastKnownFileType = sourcecode.swift; path = LocationSearchResultCell.swift; sourceTree = "<group>"; };
		5E62C8EF29561B6F009F2477 /* LocationSearchViewModel.swift */ = {isa = PBXFileReference; lastKnownFileType = sourcecode.swift; path = LocationSearchViewModel.swift; sourceTree = "<group>"; };
		5E6ECFE92954A11A00ACC0CD /* HomeView.swift */ = {isa = PBXFileReference; lastKnownFileType = sourcecode.swift; path = HomeView.swift; sourceTree = "<group>"; };
		5E6ECFEB2954A16400ACC0CD /* CoDriverMapViewRepresantable.swift */ = {isa = PBXFileReference; lastKnownFileType = sourcecode.swift; path = CoDriverMapViewRepresantable.swift; sourceTree = "<group>"; };
		5E6ECFED2954A57300ACC0CD /* LocationMenager.swift */ = {isa = PBXFileReference; lastKnownFileType = sourcecode.swift; path = LocationMenager.swift; sourceTree = "<group>"; };
		5ED4E7CE295257BF00A78CA7 /* co-driver.app */ = {isa = PBXFileReference; explicitFileType = wrapper.application; includeInIndex = 0; path = "co-driver.app"; sourceTree = BUILT_PRODUCTS_DIR; };
		5ED4E7D1295257BF00A78CA7 /* co_driverApp.swift */ = {isa = PBXFileReference; lastKnownFileType = sourcecode.swift; path = co_driverApp.swift; sourceTree = "<group>"; };
		5ED4E7D5295257C000A78CA7 /* Assets.xcassets */ = {isa = PBXFileReference; lastKnownFileType = folder.assetcatalog; path = Assets.xcassets; sourceTree = "<group>"; };
		5ED4E7D8295257C000A78CA7 /* Preview Assets.xcassets */ = {isa = PBXFileReference; lastKnownFileType = folder.assetcatalog; path = "Preview Assets.xcassets"; sourceTree = "<group>"; };
/* End PBXFileReference section */

/* Begin PBXFrameworksBuildPhase section */
		5E2EA1A929571BC2006469C6 /* Frameworks */ = {
			isa = PBXFrameworksBuildPhase;
			buildActionMask = 2147483647;
			files = (
			);
			runOnlyForDeploymentPostprocessing = 0;
		};
		5ED4E7CB295257BF00A78CA7 /* Frameworks */ = {
			isa = PBXFrameworksBuildPhase;
			buildActionMask = 2147483647;
			files = (
			);
			runOnlyForDeploymentPostprocessing = 0;
		};
/* End PBXFrameworksBuildPhase section */

/* Begin PBXGroup section */
		5E2EA1AD29571BC2006469C6 /* co-driverTests */ = {
			isa = PBXGroup;
			children = (
				5E2EA1AE29571BC2006469C6 /* co_driverTests.swift */,
			);
			path = "co-driverTests";
			sourceTree = "<group>";
		};
		5E6ECFDD29549FFD00ACC0CD /* App */ = {
			isa = PBXGroup;
			children = (
				5ED4E7D1295257BF00A78CA7 /* co_driverApp.swift */,
			);
			path = App;
			sourceTree = "<group>";
		};
		5E6ECFE12954A01C00ACC0CD /* Core */ = {
			isa = PBXGroup;
			children = (
				5E6ECFF02954C1FD00ACC0CD /* LocationSearch */,
				5E6ECFEF2954C1F200ACC0CD /* Home */,
			);
			path = Core;
			sourceTree = "<group>";
		};
		5E6ECFE22954A02300ACC0CD /* Extensions */ = {
			isa = PBXGroup;
			children = (
			);
			path = Extensions;
			sourceTree = "<group>";
		};
		5E6ECFE32954A02B00ACC0CD /* Menagers */ = {
			isa = PBXGroup;
			children = (
				5E6ECFED2954A57300ACC0CD /* LocationMenager.swift */,
			);
			path = Menagers;
			sourceTree = "<group>";
		};
		5E6ECFE42954A03400ACC0CD /* Models */ = {
			isa = PBXGroup;
			children = (
				5E2EA1B529573291006469C6 /* MapViewState.swift */,
			);
			path = Models;
			sourceTree = "<group>";
		};
		5E6ECFE52954A09800ACC0CD /* Views */ = {
			isa = PBXGroup;
			children = (
				5E6ECFE92954A11A00ACC0CD /* HomeView.swift */,
				5E6ECFEB2954A16400ACC0CD /* CoDriverMapViewRepresantable.swift */,
				5E62C8E929560EA5009F2477 /* MapViewActionButton.swift */,
			);
			path = Views;
			sourceTree = "<group>";
		};
		5E6ECFE62954A0A000ACC0CD /* ViewModel */ = {
			isa = PBXGroup;
			children = (
			);
			path = ViewModel;
			sourceTree = "<group>";
		};
		5E6ECFEF2954C1F200ACC0CD /* Home */ = {
			isa = PBXGroup;
			children = (
				5E6ECFE62954A0A000ACC0CD /* ViewModel */,
				5E6ECFE52954A09800ACC0CD /* Views */,
			);
			path = Home;
			sourceTree = "<group>";
		};
		5E6ECFF02954C1FD00ACC0CD /* LocationSearch */ = {
			isa = PBXGroup;
			children = (
				5E6ECFF12954C20900ACC0CD /* ViewModel */,
				5E6ECFF22954C21200ACC0CD /* Views */,
			);
			path = LocationSearch;
			sourceTree = "<group>";
		};
		5E6ECFF12954C20900ACC0CD /* ViewModel */ = {
			isa = PBXGroup;
			children = (
				5E62C8EF29561B6F009F2477 /* LocationSearchViewModel.swift */,
			);
			path = ViewModel;
			sourceTree = "<group>";
		};
		5E6ECFF22954C21200ACC0CD /* Views */ = {
			isa = PBXGroup;
			children = (
				5E62C8E729560BDD009F2477 /* LocationSearchActivationView.swift */,
				5E62C8EB29560FF8009F2477 /* LocationSearchView.swift */,
				5E62C8ED295614E4009F2477 /* LocationSearchResultCell.swift */,
			);
			path = Views;
			sourceTree = "<group>";
		};
		5ED4E7C5295257BF00A78CA7 = {
			isa = PBXGroup;
			children = (
				5ED4E7D0295257BF00A78CA7 /* co-driver */,
				5E2EA1AD29571BC2006469C6 /* co-driverTests */,
				5ED4E7CF295257BF00A78CA7 /* Products */,
			);
			sourceTree = "<group>";
		};
		5ED4E7CF295257BF00A78CA7 /* Products */ = {
			isa = PBXGroup;
			children = (
				5ED4E7CE295257BF00A78CA7 /* co-driver.app */,
				5E2EA1AC29571BC2006469C6 /* co-driverTests.xctest */,
			);
			name = Products;
			sourceTree = "<group>";
		};
		5ED4E7D0295257BF00A78CA7 /* co-driver */ = {
			isa = PBXGroup;
			children = (
				5E6ECFDD29549FFD00ACC0CD /* App */,
				5E6ECFE12954A01C00ACC0CD /* Core */,
				5E6ECFE22954A02300ACC0CD /* Extensions */,
				5E6ECFE42954A03400ACC0CD /* Models */,
				5E6ECFE32954A02B00ACC0CD /* Menagers */,
				5ED4E7D7295257C000A78CA7 /* Preview Content */,
			);
			path = "co-driver";
			sourceTree = "<group>";
		};
		5ED4E7D7295257C000A78CA7 /* Preview Content */ = {
			isa = PBXGroup;
			children = (
				5ED4E7D5295257C000A78CA7 /* Assets.xcassets */,
				5ED4E7D8295257C000A78CA7 /* Preview Assets.xcassets */,
			);
			path = "Preview Content";
			sourceTree = "<group>";
		};
/* End PBXGroup section */

/* Begin PBXNativeTarget section */
		5E2EA1AB29571BC2006469C6 /* co-driverTests */ = {
			isa = PBXNativeTarget;
			buildConfigurationList = 5E2EA1B429571BC2006469C6 /* Build configuration list for PBXNativeTarget "co-driverTests" */;
			buildPhases = (
				5E2EA1A829571BC2006469C6 /* Sources */,
				5E2EA1A929571BC2006469C6 /* Frameworks */,
				5E2EA1AA29571BC2006469C6 /* Resources */,
			);
			buildRules = (
			);
			dependencies = (
				5E2EA1B129571BC2006469C6 /* PBXTargetDependency */,
			);
			name = "co-driverTests";
			productName = "co-driverTests";
			productReference = 5E2EA1AC29571BC2006469C6 /* co-driverTests.xctest */;
			productType = "com.apple.product-type.bundle.unit-test";
		};
		5ED4E7CD295257BF00A78CA7 /* co-driver */ = {
			isa = PBXNativeTarget;
			buildConfigurationList = 5ED4E7DC295257C000A78CA7 /* Build configuration list for PBXNativeTarget "co-driver" */;
			buildPhases = (
				5ED4E7CA295257BF00A78CA7 /* Sources */,
				5ED4E7CB295257BF00A78CA7 /* Frameworks */,
				5ED4E7CC295257BF00A78CA7 /* Resources */,
			);
			buildRules = (
			);
			dependencies = (
			);
			name = "co-driver";
			productName = "co-driver";
			productReference = 5ED4E7CE295257BF00A78CA7 /* co-driver.app */;
			productType = "com.apple.product-type.application";
		};
/* End PBXNativeTarget section */

/* Begin PBXProject section */
		5ED4E7C6295257BF00A78CA7 /* Project object */ = {
			isa = PBXProject;
			attributes = {
				BuildIndependentTargetsInParallel = 1;
				LastSwiftUpdateCheck = 1420;
				LastUpgradeCheck = 1420;
				TargetAttributes = {
					5E2EA1AB29571BC2006469C6 = {
						CreatedOnToolsVersion = 14.2;
						TestTargetID = 5ED4E7CD295257BF00A78CA7;
					};
					5ED4E7CD295257BF00A78CA7 = {
						CreatedOnToolsVersion = 14.2;
					};
				};
			};
			buildConfigurationList = 5ED4E7C9295257BF00A78CA7 /* Build configuration list for PBXProject "co-driver" */;
			compatibilityVersion = "Xcode 14.0";
			developmentRegion = en;
			hasScannedForEncodings = 0;
			knownRegions = (
				en,
				Base,
			);
			mainGroup = 5ED4E7C5295257BF00A78CA7;
			productRefGroup = 5ED4E7CF295257BF00A78CA7 /* Products */;
			projectDirPath = "";
			projectRoot = "";
			targets = (
				5ED4E7CD295257BF00A78CA7 /* co-driver */,
				5E2EA1AB29571BC2006469C6 /* co-driverTests */,
			);
		};
/* End PBXProject section */

/* Begin PBXResourcesBuildPhase section */
		5E2EA1AA29571BC2006469C6 /* Resources */ = {
			isa = PBXResourcesBuildPhase;
			buildActionMask = 2147483647;
			files = (
			);
			runOnlyForDeploymentPostprocessing = 0;
		};
		5ED4E7CC295257BF00A78CA7 /* Resources */ = {
			isa = PBXResourcesBuildPhase;
			buildActionMask = 2147483647;
			files = (
				5ED4E7D9295257C000A78CA7 /* Preview Assets.xcassets in Resources */,
				5ED4E7D6295257C000A78CA7 /* Assets.xcassets in Resources */,
			);
			runOnlyForDeploymentPostprocessing = 0;
		};
/* End PBXResourcesBuildPhase section */

/* Begin PBXSourcesBuildPhase section */
		5E2EA1A829571BC2006469C6 /* Sources */ = {
			isa = PBXSourcesBuildPhase;
			buildActionMask = 2147483647;
			files = (
				5E2EA1AF29571BC2006469C6 /* co_driverTests.swift in Sources */,
			);
			runOnlyForDeploymentPostprocessing = 0;
		};
		5ED4E7CA295257BF00A78CA7 /* Sources */ = {
			isa = PBXSourcesBuildPhase;
			buildActionMask = 2147483647;
			files = (
				5E62C8F029561B6F009F2477 /* LocationSearchViewModel.swift in Sources */,
				5E62C8EC29560FF8009F2477 /* LocationSearchView.swift in Sources */,
				5E6ECFEE2954A57300ACC0CD /* LocationMenager.swift in Sources */,
				5E2EA1B629573291006469C6 /* MapViewState.swift in Sources */,
				5E62C8EA29560EA5009F2477 /* MapViewActionButton.swift in Sources */,
				5ED4E7D2295257BF00A78CA7 /* co_driverApp.swift in Sources */,
				5E6ECFEA2954A11A00ACC0CD /* HomeView.swift in Sources */,
				5E6ECFEC2954A16400ACC0CD /* CoDriverMapViewRepresantable.swift in Sources */,
				5E62C8E829560BDD009F2477 /* LocationSearchActivationView.swift in Sources */,
				5E62C8EE295614E4009F2477 /* LocationSearchResultCell.swift in Sources */,
			);
			runOnlyForDeploymentPostprocessing = 0;
		};
/* End PBXSourcesBuildPhase section */

/* Begin PBXTargetDependency section */
		5E2EA1B129571BC2006469C6 /* PBXTargetDependency */ = {
			isa = PBXTargetDependency;
			target = 5ED4E7CD295257BF00A78CA7 /* co-driver */;
			targetProxy = 5E2EA1B029571BC2006469C6 /* PBXContainerItemProxy */;
		};
/* End PBXTargetDependency section */

/* Begin XCBuildConfiguration section */
		5E2EA1B229571BC2006469C6 /* Debug */ = {
			isa = XCBuildConfiguration;
			buildSettings = {
				BUNDLE_LOADER = "$(TEST_HOST)";
				CODE_SIGN_STYLE = Automatic;
				CURRENT_PROJECT_VERSION = 1;
				DEVELOPMENT_TEAM = J3QNH3NJYH;
				GENERATE_INFOPLIST_FILE = YES;
				IPHONEOS_DEPLOYMENT_TARGET = 16.2;
				MACOSX_DEPLOYMENT_TARGET = 13.0;
				MARKETING_VERSION = 1.0;
				PRODUCT_BUNDLE_IDENTIFIER = "com.TeachMe.co-driverTests";
				PRODUCT_NAME = "$(TARGET_NAME)";
				SDKROOT = auto;
				SUPPORTED_PLATFORMS = "iphoneos iphonesimulator macosx";
				SWIFT_EMIT_LOC_STRINGS = NO;
				SWIFT_VERSION = 5.0;
				TARGETED_DEVICE_FAMILY = "1,2";
				TEST_HOST = "$(BUILT_PRODUCTS_DIR)/co-driver.app/$(BUNDLE_EXECUTABLE_FOLDER_PATH)/co-driver";
			};
			name = Debug;
		};
		5E2EA1B329571BC2006469C6 /* Release */ = {
			isa = XCBuildConfiguration;
			buildSettings = {
				BUNDLE_LOADER = "$(TEST_HOST)";
				CODE_SIGN_STYLE = Automatic;
				CURRENT_PROJECT_VERSION = 1;
				DEVELOPMENT_TEAM = J3QNH3NJYH;
				GENERATE_INFOPLIST_FILE = YES;
				IPHONEOS_DEPLOYMENT_TARGET = 16.2;
				MACOSX_DEPLOYMENT_TARGET = 13.0;
				MARKETING_VERSION = 1.0;
				PRODUCT_BUNDLE_IDENTIFIER = "com.TeachMe.co-driverTests";
				PRODUCT_NAME = "$(TARGET_NAME)";
				SDKROOT = auto;
				SUPPORTED_PLATFORMS = "iphoneos iphonesimulator macosx";
				SWIFT_EMIT_LOC_STRINGS = NO;
				SWIFT_VERSION = 5.0;
				TARGETED_DEVICE_FAMILY = "1,2";
				TEST_HOST = "$(BUILT_PRODUCTS_DIR)/co-driver.app/$(BUNDLE_EXECUTABLE_FOLDER_PATH)/co-driver";
			};
			name = Release;
		};
		5ED4E7DA295257C000A78CA7 /* Debug */ = {
			isa = XCBuildConfiguration;
			buildSettings = {
				ALWAYS_SEARCH_USER_PATHS = NO;
				CLANG_ANALYZER_NONNULL = YES;
				CLANG_ANALYZER_NUMBER_OBJECT_CONVERSION = YES_AGGRESSIVE;
				CLANG_CXX_LANGUAGE_STANDARD = "gnu++20";
				CLANG_ENABLE_MODULES = YES;
				CLANG_ENABLE_OBJC_ARC = YES;
				CLANG_ENABLE_OBJC_WEAK = YES;
				CLANG_WARN_BLOCK_CAPTURE_AUTORELEASING = YES;
				CLANG_WARN_BOOL_CONVERSION = YES;
				CLANG_WARN_COMMA = YES;
				CLANG_WARN_CONSTANT_CONVERSION = YES;
				CLANG_WARN_DEPRECATED_OBJC_IMPLEMENTATIONS = YES;
				CLANG_WARN_DIRECT_OBJC_ISA_USAGE = YES_ERROR;
				CLANG_WARN_DOCUMENTATION_COMMENTS = YES;
				CLANG_WARN_EMPTY_BODY = YES;
				CLANG_WARN_ENUM_CONVERSION = YES;
				CLANG_WARN_INFINITE_RECURSION = YES;
				CLANG_WARN_INT_CONVERSION = YES;
				CLANG_WARN_NON_LITERAL_NULL_CONVERSION = YES;
				CLANG_WARN_OBJC_IMPLICIT_RETAIN_SELF = YES;
				CLANG_WARN_OBJC_LITERAL_CONVERSION = YES;
				CLANG_WARN_OBJC_ROOT_CLASS = YES_ERROR;
				CLANG_WARN_QUOTED_INCLUDE_IN_FRAMEWORK_HEADER = YES;
				CLANG_WARN_RANGE_LOOP_ANALYSIS = YES;
				CLANG_WARN_STRICT_PROTOTYPES = YES;
				CLANG_WARN_SUSPICIOUS_MOVE = YES;
				CLANG_WARN_UNGUARDED_AVAILABILITY = YES_AGGRESSIVE;
				CLANG_WARN_UNREACHABLE_CODE = YES;
				CLANG_WARN__DUPLICATE_METHOD_MATCH = YES;
				COPY_PHASE_STRIP = NO;
				DEBUG_INFORMATION_FORMAT = dwarf;
				ENABLE_STRICT_OBJC_MSGSEND = YES;
				ENABLE_TESTABILITY = YES;
				GCC_C_LANGUAGE_STANDARD = gnu11;
				GCC_DYNAMIC_NO_PIC = NO;
				GCC_NO_COMMON_BLOCKS = YES;
				GCC_OPTIMIZATION_LEVEL = 0;
				GCC_PREPROCESSOR_DEFINITIONS = (
					"DEBUG=1",
					"$(inherited)",
				);
				GCC_WARN_64_TO_32_BIT_CONVERSION = YES;
				GCC_WARN_ABOUT_RETURN_TYPE = YES_ERROR;
				GCC_WARN_UNDECLARED_SELECTOR = YES;
				GCC_WARN_UNINITIALIZED_AUTOS = YES_AGGRESSIVE;
				GCC_WARN_UNUSED_FUNCTION = YES;
				GCC_WARN_UNUSED_VARIABLE = YES;
				IPHONEOS_DEPLOYMENT_TARGET = 16.2;
				MTL_ENABLE_DEBUG_INFO = INCLUDE_SOURCE;
				MTL_FAST_MATH = YES;
				ONLY_ACTIVE_ARCH = YES;
				SDKROOT = iphoneos;
				SWIFT_ACTIVE_COMPILATION_CONDITIONS = DEBUG;
				SWIFT_OPTIMIZATION_LEVEL = "-Onone";
			};
			name = Debug;
		};
		5ED4E7DB295257C000A78CA7 /* Release */ = {
			isa = XCBuildConfiguration;
			buildSettings = {
				ALWAYS_SEARCH_USER_PATHS = NO;
				CLANG_ANALYZER_NONNULL = YES;
				CLANG_ANALYZER_NUMBER_OBJECT_CONVERSION = YES_AGGRESSIVE;
				CLANG_CXX_LANGUAGE_STANDARD = "gnu++20";
				CLANG_ENABLE_MODULES = YES;
				CLANG_ENABLE_OBJC_ARC = YES;
				CLANG_ENABLE_OBJC_WEAK = YES;
				CLANG_WARN_BLOCK_CAPTURE_AUTORELEASING = YES;
				CLANG_WARN_BOOL_CONVERSION = YES;
				CLANG_WARN_COMMA = YES;
				CLANG_WARN_CONSTANT_CONVERSION = YES;
				CLANG_WARN_DEPRECATED_OBJC_IMPLEMENTATIONS = YES;
				CLANG_WARN_DIRECT_OBJC_ISA_USAGE = YES_ERROR;
				CLANG_WARN_DOCUMENTATION_COMMENTS = YES;
				CLANG_WARN_EMPTY_BODY = YES;
				CLANG_WARN_ENUM_CONVERSION = YES;
				CLANG_WARN_INFINITE_RECURSION = YES;
				CLANG_WARN_INT_CONVERSION = YES;
				CLANG_WARN_NON_LITERAL_NULL_CONVERSION = YES;
				CLANG_WARN_OBJC_IMPLICIT_RETAIN_SELF = YES;
				CLANG_WARN_OBJC_LITERAL_CONVERSION = YES;
				CLANG_WARN_OBJC_ROOT_CLASS = YES_ERROR;
				CLANG_WARN_QUOTED_INCLUDE_IN_FRAMEWORK_HEADER = YES;
				CLANG_WARN_RANGE_LOOP_ANALYSIS = YES;
				CLANG_WARN_STRICT_PROTOTYPES = YES;
				CLANG_WARN_SUSPICIOUS_MOVE = YES;
				CLANG_WARN_UNGUARDED_AVAILABILITY = YES_AGGRESSIVE;
				CLANG_WARN_UNREACHABLE_CODE = YES;
				CLANG_WARN__DUPLICATE_METHOD_MATCH = YES;
				COPY_PHASE_STRIP = NO;
				DEBUG_INFORMATION_FORMAT = "dwarf-with-dsym";
				ENABLE_NS_ASSERTIONS = NO;
				ENABLE_STRICT_OBJC_MSGSEND = YES;
				GCC_C_LANGUAGE_STANDARD = gnu11;
				GCC_NO_COMMON_BLOCKS = YES;
				GCC_WARN_64_TO_32_BIT_CONVERSION = YES;
				GCC_WARN_ABOUT_RETURN_TYPE = YES_ERROR;
				GCC_WARN_UNDECLARED_SELECTOR = YES;
				GCC_WARN_UNINITIALIZED_AUTOS = YES_AGGRESSIVE;
				GCC_WARN_UNUSED_FUNCTION = YES;
				GCC_WARN_UNUSED_VARIABLE = YES;
				IPHONEOS_DEPLOYMENT_TARGET = 16.2;
				MTL_ENABLE_DEBUG_INFO = NO;
				MTL_FAST_MATH = YES;
				SDKROOT = iphoneos;
				SWIFT_COMPILATION_MODE = wholemodule;
				SWIFT_OPTIMIZATION_LEVEL = "-O";
				VALIDATE_PRODUCT = YES;
			};
			name = Release;
		};
		5ED4E7DD295257C000A78CA7 /* Debug */ = {
			isa = XCBuildConfiguration;
			buildSettings = {
				ASSETCATALOG_COMPILER_APPICON_NAME = AppIcon;
				ASSETCATALOG_COMPILER_GLOBAL_ACCENT_COLOR_NAME = AccentColor;
				CODE_SIGN_STYLE = Automatic;
				CURRENT_PROJECT_VERSION = 1;
				DEVELOPMENT_ASSET_PATHS = "\"co-driver/Preview Content\"";
				DEVELOPMENT_TEAM = J3QNH3NJYH;
				ENABLE_PREVIEWS = YES;
				GENERATE_INFOPLIST_FILE = YES;
				INFOPLIST_KEY_LSApplicationCategoryType = "public.app-category.developer-tools";
				INFOPLIST_KEY_NSLocationWhenInUseUsageDescription = "PLease allow us to acces your location meeen";
				INFOPLIST_KEY_UIApplicationSceneManifest_Generation = YES;
				INFOPLIST_KEY_UIApplicationSupportsIndirectInputEvents = YES;
				INFOPLIST_KEY_UILaunchScreen_Generation = YES;
				INFOPLIST_KEY_UISupportedInterfaceOrientations_iPad = "UIInterfaceOrientationPortrait UIInterfaceOrientationPortraitUpsideDown UIInterfaceOrientationLandscapeLeft UIInterfaceOrientationLandscapeRight";
				INFOPLIST_KEY_UISupportedInterfaceOrientations_iPhone = "UIInterfaceOrientationPortrait UIInterfaceOrientationLandscapeLeft UIInterfaceOrientationLandscapeRight";
				LD_RUNPATH_SEARCH_PATHS = (
					"$(inherited)",
					"@executable_path/Frameworks",
				);
				MARKETING_VERSION = 1.0;
				PRODUCT_BUNDLE_IDENTIFIER = "com.TeachMe.co-driver";
				PRODUCT_NAME = "$(TARGET_NAME)";
				SWIFT_EMIT_LOC_STRINGS = YES;
				SWIFT_VERSION = 5.0;
				TARGETED_DEVICE_FAMILY = "1,2";
			};
			name = Debug;
		};
		5ED4E7DE295257C000A78CA7 /* Release */ = {
			isa = XCBuildConfiguration;
			buildSettings = {
				ASSETCATALOG_COMPILER_APPICON_NAME = AppIcon;
				ASSETCATALOG_COMPILER_GLOBAL_ACCENT_COLOR_NAME = AccentColor;
				CODE_SIGN_STYLE = Automatic;
				CURRENT_PROJECT_VERSION = 1;
				DEVELOPMENT_ASSET_PATHS = "\"co-driver/Preview Content\"";
				DEVELOPMENT_TEAM = J3QNH3NJYH;
				ENABLE_PREVIEWS = YES;
				GENERATE_INFOPLIST_FILE = YES;
				INFOPLIST_KEY_LSApplicationCategoryType = "public.app-category.developer-tools";
				INFOPLIST_KEY_NSLocationWhenInUseUsageDescription = "PLease allow us to acces your location meeen";
				INFOPLIST_KEY_UIApplicationSceneManifest_Generation = YES;
				INFOPLIST_KEY_UIApplicationSupportsIndirectInputEvents = YES;
				INFOPLIST_KEY_UILaunchScreen_Generation = YES;
				INFOPLIST_KEY_UISupportedInterfaceOrientations_iPad = "UIInterfaceOrientationPortrait UIInterfaceOrientationPortraitUpsideDown UIInterfaceOrientationLandscapeLeft UIInterfaceOrientationLandscapeRight";
				INFOPLIST_KEY_UISupportedInterfaceOrientations_iPhone = "UIInterfaceOrientationPortrait UIInterfaceOrientationLandscapeLeft UIInterfaceOrientationLandscapeRight";
				LD_RUNPATH_SEARCH_PATHS = (
					"$(inherited)",
					"@executable_path/Frameworks",
				);
				MARKETING_VERSION = 1.0;
				PRODUCT_BUNDLE_IDENTIFIER = "com.TeachMe.co-driver";
				PRODUCT_NAME = "$(TARGET_NAME)";
				SWIFT_EMIT_LOC_STRINGS = YES;
				SWIFT_VERSION = 5.0;
				TARGETED_DEVICE_FAMILY = "1,2";
			};
			name = Release;
		};
/* End XCBuildConfiguration section */

/* Begin XCConfigurationList section */
		5E2EA1B429571BC2006469C6 /* Build configuration list for PBXNativeTarget "co-driverTests" */ = {
			isa = XCConfigurationList;
			buildConfigurations = (
				5E2EA1B229571BC2006469C6 /* Debug */,
				5E2EA1B329571BC2006469C6 /* Release */,
			);
			defaultConfigurationIsVisible = 0;
			defaultConfigurationName = Release;
		};
		5ED4E7C9295257BF00A78CA7 /* Build configuration list for PBXProject "co-driver" */ = {
			isa = XCConfigurationList;
			buildConfigurations = (
				5ED4E7DA295257C000A78CA7 /* Debug */,
				5ED4E7DB295257C000A78CA7 /* Release */,
			);
			defaultConfigurationIsVisible = 0;
			defaultConfigurationName = Release;
		};
		5ED4E7DC295257C000A78CA7 /* Build configuration list for PBXNativeTarget "co-driver" */ = {
			isa = XCConfigurationList;
			buildConfigurations = (
				5ED4E7DD295257C000A78CA7 /* Debug */,
				5ED4E7DE295257C000A78CA7 /* Release */,
			);
			defaultConfigurationIsVisible = 0;
			defaultConfigurationName = Release;
		};
/* End XCConfigurationList section */
	};
	rootObject = 5ED4E7C6295257BF00A78CA7 /* Project object */;
}
